PODS:
  - Alamofire (4.9.1)
  - HandyJSON (5.0.1)
  - Kingfisher (4.10.1)
  - SnapKit (4.2.0)
  - SwiftTheme (0.5.0)
  - SwiftyJSON (5.0.0)

DEPENDENCIES:
  - Alamofire
  - HandyJSON
  - Kingfisher
  - SnapKit
  - SwiftTheme
  - SwiftyJSON

SPEC REPOS:
  https://github.com/cocoapods/specs.git:
    - Alamofire
    - HandyJSON
    - Kingfisher
    - SnapKit
    - SwiftTheme
    - SwiftyJSON

SPEC CHECKSUMS:
  Alamofire: 85e8a02c69d6020a0d734f6054870d7ecb75cf18
  HandyJSON: d45b8415c501e3affc59ca9762c1197ff0feb646
  Kingfisher: c148cd7b47ebde9989f6bc7c27dcaa79d81279a0
  SnapKit: fe8a619752f3f27075cc9a90244d75c6c3f27e2a
  SwiftTheme: 45a12fe3d600546b99e8e4a52cec9b57eb5b1aec
  SwiftyJSON: 36413e04c44ee145039d332b4f4e2d3e8d6c4db7

PODFILE CHECKSUM: bc14a4b2a38eda502a949df4de35c45b59536030

COCOAPODS: 1.5.3
